
Microsoft Visual Studio Solution File, Format Version 12.00
# Visual Studio Version 17
VisualStudioVersion = 17.2.32616.157
MinimumVisualStudioVersion = 10.0.40219.1
Project("{FAE04EC0-301F-11D3-BF4B-00C04F79EFBC}") = "MotoApp", "MotoApp\MotoApp.csproj", "{5C248EC1-9154-417C-ABCD-BD14C92D3F17}"
EndProject
Global
	GlobalSection(SolutionConfigurationPlatforms) = preSolution
		Debug|Any CPU = Debug|Any CPU
		Release|Any CPU = Release|Any CPU
	EndGlobalSection
	GlobalSection(ProjectConfigurationPlatforms) = postSolution
		{5C248EC1-9154-417C-ABCD-BD14C92D3F17}.Debug|Any CPU.ActiveCfg = Debug|Any CPU
		{5C248EC1-9154-417C-ABCD-BD14C92D3F17}.Debug|Any CPU.Build.0 = Debug|Any CPU
		{5C248EC1-9154-417C-ABCD-BD14C92D3F17}.Release|Any CPU.ActiveCfg = Release|Any CPU
		{5C248EC1-9154-417C-ABCD-BD14C92D3F17}.Release|Any CPU.Build.0 = Release|Any CPU
	EndGlobalSection
	GlobalSection(SolutionProperties) = preSolution
		HideSolutionNode = FALSE
	EndGlobalSection
	GlobalSection(ExtensibilityGlobals) = postSolution
		SolutionGuid = {22A66761-30D9-46DC-909B-945D225D5E4C}
	EndGlobalSection
EndGlobal
